
Microsoft Visual Studio Solution File, Format Version 12.00
# Visual Studio Version 16
VisualStudioVersion = 16.0.30717.126
MinimumVisualStudioVersion = 10.0.40219.1
Project("{FAE04EC0-301F-11D3-BF4B-00C04F79EFBC}") = "ContractInstallments", "ContractInstallment\ContractInstallments.csproj", "{935961CB-B107-4D3D-A9E2-FAE6F7427761}"
EndProject
Global
	GlobalSection(SolutionConfigurationPlatforms) = preSolution
		Debug|Any CPU = Debug|Any CPU
		Release|Any CPU = Release|Any CPU
	EndGlobalSection
	GlobalSection(ProjectConfigurationPlatforms) = postSolution
		{935961CB-B107-4D3D-A9E2-FAE6F7427761}.Debug|Any CPU.ActiveCfg = Debug|Any CPU
		{935961CB-B107-4D3D-A9E2-FAE6F7427761}.Debug|Any CPU.Build.0 = Debug|Any CPU
		{935961CB-B107-4D3D-A9E2-FAE6F7427761}.Release|Any CPU.ActiveCfg = Release|Any CPU
		{935961CB-B107-4D3D-A9E2-FAE6F7427761}.Release|Any CPU.Build.0 = Release|Any CPU
	EndGlobalSection
	GlobalSection(SolutionProperties) = preSolution
		HideSolutionNode = FALSE
	EndGlobalSection
	GlobalSection(ExtensibilityGlobals) = postSolution
		SolutionGuid = {37F5C7F3-F2CA-42EB-ACC9-66C2E065093B}
	EndGlobalSection
EndGlobal
