
Microsoft Visual Studio Solution File, Format Version 12.00
# Visual Studio Version 16
VisualStudioVersion = 16.0.30717.126
MinimumVisualStudioVersion = 10.0.40219.1
Project("{FAE04EC0-301F-11D3-BF4B-00C04F79EFBC}") = "VoteCounter", "VoteCounter\VoteCounter.csproj", "{351579F4-4271-4CF5-87AA-4F0723239016}"
EndProject
Global
	GlobalSection(SolutionConfigurationPlatforms) = preSolution
		Debug|Any CPU = Debug|Any CPU
		Release|Any CPU = Release|Any CPU
	EndGlobalSection
	GlobalSection(ProjectConfigurationPlatforms) = postSolution
		{351579F4-4271-4CF5-87AA-4F0723239016}.Debug|Any CPU.ActiveCfg = Debug|Any CPU
		{351579F4-4271-4CF5-87AA-4F0723239016}.Debug|Any CPU.Build.0 = Debug|Any CPU
		{351579F4-4271-4CF5-87AA-4F0723239016}.Release|Any CPU.ActiveCfg = Release|Any CPU
		{351579F4-4271-4CF5-87AA-4F0723239016}.Release|Any CPU.Build.0 = Release|Any CPU
	EndGlobalSection
	GlobalSection(SolutionProperties) = preSolution
		HideSolutionNode = FALSE
	EndGlobalSection
	GlobalSection(ExtensibilityGlobals) = postSolution
		SolutionGuid = {B9417AA0-3DC5-48CD-A594-4618D36EA25A}
	EndGlobalSection
EndGlobal
